// !$*UTF8*$!
{
	archiveVersion = 1;
	classes = {};
	objectVersion = 60;
	objects = {
		A00000000000000000000001 = {isa = PBXFileReference; lastKnownFileType = sourcecode.swift; path = CodexMeterApp.swift; sourceTree = "<group>";};
		A00000000000000000000002 = {isa = PBXFileReference; lastKnownFileType = sourcecode.swift; path = CodexMeterWidget.swift; sourceTree = "<group>";};
		A00000000000000000000003 = {isa = PBXFileReference; lastKnownFileType = sourcecode.swift; path = UsageService.swift; sourceTree = "<group>";};
		A00000000000000000000004 = {isa = PBXFileReference; lastKnownFileType = sourcecode.swift; path = UsageViews.swift; sourceTree = "<group>";};
		A00000000000000000000005 = {isa = PBXFileReference; explicitFileType = wrapper.application; path = CodexMeter.app; sourceTree = BUILT_PRODUCTS_DIR;};
		A00000000000000000000006 = {isa = PBXFileReference; explicitFileType = "wrapper.app-extension"; path = CodexMeterWidget.appex; sourceTree = BUILT_PRODUCTS_DIR;};
		A00000000000000000000007 = {isa = PBXFileReference; lastKnownFileType = text.plist.xml; path = Info.plist; sourceTree = "<group>";};
		A00000000000000000000008 = {isa = PBXFileReference; lastKnownFileType = folder.assetcatalog; path = Assets.xcassets; sourceTree = "<group>";};
		A00000000000000000000009 = {isa = PBXFileReference; explicitFileType = "compiled.mach-o.executable"; path = CodexMeterAgent; sourceTree = BUILT_PRODUCTS_DIR;};
		A0000000000000000000000A = {isa = PBXFileReference; lastKnownFileType = sourcecode.swift; path = main.swift; sourceTree = "<group>";};
		A0000000000000000000000B = {isa = PBXFileReference; lastKnownFileType = text.plist.xml; path = com.eko.CodexMeter.agent.plist; sourceTree = "<group>";};
		A0000000000000000000000C = {isa = PBXFileReference; lastKnownFileType = text.plist.xml; path = com.eko.CodexMeter.agent.v2.plist; sourceTree = "<group>";};
		B00000000000000000000001 = {isa = PBXBuildFile; fileRef = A00000000000000000000001;};
		B00000000000000000000002 = {isa = PBXBuildFile; fileRef = A00000000000000000000002;};
		B00000000000000000000003 = {isa = PBXBuildFile; fileRef = A00000000000000000000003;};
		B00000000000000000000004 = {isa = PBXBuildFile; fileRef = A00000000000000000000004;};
		B00000000000000000000005 = {isa = PBXBuildFile; fileRef = A00000000000000000000003;};
		B00000000000000000000006 = {isa = PBXBuildFile; fileRef = A00000000000000000000004;};
		B00000000000000000000007 = {isa = PBXBuildFile; fileRef = A00000000000000000000006; settings = {ATTRIBUTES = (RemoveHeadersOnCopy, );};};
		B00000000000000000000008 = {isa = PBXBuildFile; fileRef = D00000000000000000000001;};
		B00000000000000000000009 = {isa = PBXBuildFile; fileRef = A00000000000000000000008;};
		B0000000000000000000000A = {isa = PBXBuildFile; fileRef = A0000000000000000000000A;};
		B0000000000000000000000B = {isa = PBXBuildFile; fileRef = A00000000000000000000003;};
		B0000000000000000000000D = {isa = PBXBuildFile; fileRef = A00000000000000000000009; settings = {ATTRIBUTES = (CodeSignOnCopy, );};};
		B0000000000000000000000E = {isa = PBXBuildFile; fileRef = A0000000000000000000000B;};
		B0000000000000000000000F = {isa = PBXBuildFile; fileRef = A0000000000000000000000C;};
		C00000000000000000000001 = {isa = PBXGroup; children = (C00000000000000000000002,C00000000000000000000003,C00000000000000000000004,C00000000000000000000006,C00000000000000000000005); sourceTree = "<group>";};
		C00000000000000000000002 = {isa = PBXGroup; path = CodexMeterApp; children = (A00000000000000000000001,A00000000000000000000008); sourceTree = "<group>";};
		C00000000000000000000003 = {isa = PBXGroup; path = CodexMeterWidget; children = (A00000000000000000000002,A00000000000000000000007); sourceTree = "<group>";};
		C00000000000000000000004 = {isa = PBXGroup; path = Shared; children = (A00000000000000000000003,A00000000000000000000004); sourceTree = "<group>";};
		C00000000000000000000005 = {isa = PBXGroup; name = Products; children = (A00000000000000000000005,A00000000000000000000006,A00000000000000000000009); sourceTree = "<group>";};
		C00000000000000000000006 = {isa = PBXGroup; path = CodexMeterAgent; children = (A0000000000000000000000A,A0000000000000000000000B,A0000000000000000000000C); sourceTree = "<group>";};
		D00000000000000000000001 = {isa = PBXFileReference; lastKnownFileType = wrapper.framework; name = WidgetKit.framework; path = System/Library/Frameworks/WidgetKit.framework; sourceTree = SDKROOT;};
		E00000000000000000000001 = {isa = PBXSourcesBuildPhase; buildActionMask = 2147483647; files = (B00000000000000000000001,B00000000000000000000003,B00000000000000000000004); runOnlyForDeploymentPostprocessing = 0;};
		E00000000000000000000002 = {isa = PBXSourcesBuildPhase; buildActionMask = 2147483647; files = (B00000000000000000000002,B00000000000000000000005,B00000000000000000000006); runOnlyForDeploymentPostprocessing = 0;};
		E00000000000000000000003 = {isa = PBXFrameworksBuildPhase; buildActionMask = 2147483647; files = (); runOnlyForDeploymentPostprocessing = 0;};
		E00000000000000000000004 = {isa = PBXFrameworksBuildPhase; buildActionMask = 2147483647; files = (B00000000000000000000008); runOnlyForDeploymentPostprocessing = 0;};
		E00000000000000000000005 = {isa = PBXResourcesBuildPhase; buildActionMask = 2147483647; files = (B00000000000000000000009); runOnlyForDeploymentPostprocessing = 0;};
		E00000000000000000000006 = {isa = PBXResourcesBuildPhase; buildActionMask = 2147483647; files = (); runOnlyForDeploymentPostprocessing = 0;};
		E00000000000000000000007 = {isa = PBXCopyFilesBuildPhase; buildActionMask = 2147483647; dstPath = ""; dstSubfolderSpec = 13; files = (B00000000000000000000007); name = "Embed App Extensions"; runOnlyForDeploymentPostprocessing = 0;};
		E00000000000000000000008 = {isa = PBXSourcesBuildPhase; buildActionMask = 2147483647; files = (B0000000000000000000000A,B0000000000000000000000B); runOnlyForDeploymentPostprocessing = 0;};
		E00000000000000000000009 = {isa = PBXFrameworksBuildPhase; buildActionMask = 2147483647; files = (); runOnlyForDeploymentPostprocessing = 0;};
		E0000000000000000000000A = {isa = PBXCopyFilesBuildPhase; buildActionMask = 2147483647; dstPath = ""; dstSubfolderSpec = 6; files = (B0000000000000000000000D); name = "Embed Background Agent"; runOnlyForDeploymentPostprocessing = 0;};
		E0000000000000000000000B = {isa = PBXCopyFilesBuildPhase; buildActionMask = 2147483647; dstPath = "Contents/Library/LaunchAgents"; dstSubfolderSpec = 1; files = (B0000000000000000000000E,B0000000000000000000000F); name = "Embed LaunchAgent Property List"; runOnlyForDeploymentPostprocessing = 0;};
		F00000000000000000000001 = {isa = PBXNativeTarget; buildConfigurationList = F10000000000000000000001; buildPhases = (E00000000000000000000001,E00000000000000000000003,E00000000000000000000005,E00000000000000000000007,E0000000000000000000000A,E0000000000000000000000B); buildRules = (); dependencies = (F20000000000000000000001,F20000000000000000000002); name = CodexMeter; productName = CodexMeter; productReference = A00000000000000000000005; productType = "com.apple.product-type.application";};
		F00000000000000000000002 = {isa = PBXNativeTarget; buildConfigurationList = F10000000000000000000002; buildPhases = (E00000000000000000000002,E00000000000000000000004,E00000000000000000000006); buildRules = (); dependencies = (); name = CodexMeterWidget; productName = CodexMeterWidget; productReference = A00000000000000000000006; productType = "com.apple.product-type.app-extension";};
		F00000000000000000000003 = {isa = PBXNativeTarget; buildConfigurationList = F10000000000000000000004; buildPhases = (E00000000000000000000008,E00000000000000000000009); buildRules = (); dependencies = (); name = CodexMeterAgent; productName = CodexMeterAgent; productReference = A00000000000000000000009; productType = "com.apple.product-type.tool";};
		F20000000000000000000001 = {isa = PBXTargetDependency; target = F00000000000000000000002; targetProxy = F30000000000000000000001;};
		F20000000000000000000002 = {isa = PBXTargetDependency; target = F00000000000000000000003; targetProxy = F30000000000000000000002;};
		F30000000000000000000001 = {isa = PBXContainerItemProxy; containerPortal = F40000000000000000000001; proxyType = 1; remoteGlobalIDString = F00000000000000000000002; remoteInfo = CodexMeterWidget;};
		F30000000000000000000002 = {isa = PBXContainerItemProxy; containerPortal = F40000000000000000000001; proxyType = 1; remoteGlobalIDString = F00000000000000000000003; remoteInfo = CodexMeterAgent;};
		F40000000000000000000001 = {isa = PBXProject; attributes = {BuildIndependentTargetsInParallel = 1; LastSwiftUpdateCheck = 2660; LastUpgradeCheck = 2660; TargetAttributes = {F00000000000000000000001 = {CreatedOnToolsVersion = 26.0;}; F00000000000000000000002 = {CreatedOnToolsVersion = 26.0;}; F00000000000000000000003 = {CreatedOnToolsVersion = 26.0;};};}; buildConfigurationList = F10000000000000000000003; compatibilityVersion = "Xcode 15.0"; developmentRegion = en; hasScannedForEncodings = 0; knownRegions = (en,Base); mainGroup = C00000000000000000000001; productRefGroup = C00000000000000000000005; projectDirPath = ""; projectRoot = ""; targets = (F00000000000000000000001,F00000000000000000000002,F00000000000000000000003);};
		F50000000000000000000001 = {isa = XCBuildConfiguration; buildSettings = {ALWAYS_SEARCH_USER_PATHS = NO; MACOSX_DEPLOYMENT_TARGET = 14.0; SDKROOT = macosx; SWIFT_VERSION = 5.0;}; name = Debug;};
		F50000000000000000000002 = {isa = XCBuildConfiguration; buildSettings = {ALWAYS_SEARCH_USER_PATHS = NO; MACOSX_DEPLOYMENT_TARGET = 14.0; SDKROOT = macosx; SWIFT_VERSION = 5.0;}; name = Release;};
		F50000000000000000000003 = {isa = XCBuildConfiguration; buildSettings = {PRODUCT_BUNDLE_IDENTIFIER = com.eko.CodexMeter; PRODUCT_NAME = "$(TARGET_NAME)"; GENERATE_INFOPLIST_FILE = NO; INFOPLIST_FILE = CodexMeterApp/Info.plist; ASSETCATALOG_COMPILER_APPICON_NAME = AppIcon; MARKETING_VERSION = 1.0.2; CURRENT_PROJECT_VERSION = 20; CODE_SIGN_STYLE = Automatic; ENABLE_APP_SANDBOX = NO; SWIFT_EMIT_LOC_STRINGS = YES;}; name = Debug;};
		F50000000000000000000004 = {isa = XCBuildConfiguration; buildSettings = {PRODUCT_BUNDLE_IDENTIFIER = com.eko.CodexMeter; PRODUCT_NAME = "$(TARGET_NAME)"; GENERATE_INFOPLIST_FILE = NO; INFOPLIST_FILE = CodexMeterApp/Info.plist; ASSETCATALOG_COMPILER_APPICON_NAME = AppIcon; MARKETING_VERSION = 1.0.2; CURRENT_PROJECT_VERSION = 20; CODE_SIGN_STYLE = Automatic; ENABLE_APP_SANDBOX = NO; SWIFT_EMIT_LOC_STRINGS = YES;}; name = Release;};
		F50000000000000000000005 = {isa = XCBuildConfiguration; buildSettings = {PRODUCT_BUNDLE_IDENTIFIER = com.eko.CodexMeter.widget; PRODUCT_NAME = "$(TARGET_NAME)"; INFOPLIST_FILE = CodexMeterWidget/Info.plist; CODE_SIGN_ENTITLEMENTS = CodexMeterWidget/CodexMeterWidget.entitlements; CODE_SIGN_STYLE = Automatic; MARKETING_VERSION = 1.0.2; CURRENT_PROJECT_VERSION = 20; ENABLE_APP_SANDBOX = YES; SKIP_INSTALL = YES; SWIFT_EMIT_LOC_STRINGS = YES;}; name = Debug;};
		F50000000000000000000006 = {isa = XCBuildConfiguration; buildSettings = {PRODUCT_BUNDLE_IDENTIFIER = com.eko.CodexMeter.widget; PRODUCT_NAME = "$(TARGET_NAME)"; INFOPLIST_FILE = CodexMeterWidget/Info.plist; CODE_SIGN_ENTITLEMENTS = CodexMeterWidget/CodexMeterWidget.entitlements; CODE_SIGN_STYLE = Automatic; MARKETING_VERSION = 1.0.2; CURRENT_PROJECT_VERSION = 20; ENABLE_APP_SANDBOX = YES; SKIP_INSTALL = YES; SWIFT_EMIT_LOC_STRINGS = YES;}; name = Release;};
		F50000000000000000000007 = {isa = XCBuildConfiguration; buildSettings = {CODE_SIGN_STYLE = Automatic; CREATE_INFOPLIST_SECTION_IN_BINARY = YES; ENABLE_APP_SANDBOX = NO; GENERATE_INFOPLIST_FILE = YES; MACOSX_DEPLOYMENT_TARGET = 14.0; PRODUCT_BUNDLE_IDENTIFIER = com.eko.CodexMeter.agent; PRODUCT_NAME = "$(TARGET_NAME)"; SKIP_INSTALL = YES; SWIFT_VERSION = 5.0;}; name = Debug;};
		F50000000000000000000008 = {isa = XCBuildConfiguration; buildSettings = {CODE_SIGN_STYLE = Automatic; CREATE_INFOPLIST_SECTION_IN_BINARY = YES; ENABLE_APP_SANDBOX = NO; GENERATE_INFOPLIST_FILE = YES; MACOSX_DEPLOYMENT_TARGET = 14.0; PRODUCT_BUNDLE_IDENTIFIER = com.eko.CodexMeter.agent; PRODUCT_NAME = "$(TARGET_NAME)"; SKIP_INSTALL = YES; SWIFT_VERSION = 5.0;}; name = Release;};
		F10000000000000000000001 = {isa = XCConfigurationList; buildConfigurations = (F50000000000000000000003,F50000000000000000000004); defaultConfigurationIsVisible = 0; defaultConfigurationName = Release;};
		F10000000000000000000002 = {isa = XCConfigurationList; buildConfigurations = (F50000000000000000000005,F50000000000000000000006); defaultConfigurationIsVisible = 0; defaultConfigurationName = Release;};
		F10000000000000000000003 = {isa = XCConfigurationList; buildConfigurations = (F50000000000000000000001,F50000000000000000000002); defaultConfigurationIsVisible = 0; defaultConfigurationName = Release;};
		F10000000000000000000004 = {isa = XCConfigurationList; buildConfigurations = (F50000000000000000000007,F50000000000000000000008); defaultConfigurationIsVisible = 0; defaultConfigurationName = Release;};
	};
	rootObject = F40000000000000000000001;
}
